
Microsoft Visual Studio Solution File, Format Version 12.00
# Visual Studio Version 17
VisualStudioVersion = 17.2.32526.322
MinimumVisualStudioVersion = 10.0.40219.1
Project("{FAE04EC0-301F-11D3-BF4B-00C04F79EFBC}") = "BankNTProject", "BankNTProject.csproj", "{DA52F8E0-DC8D-45AD-9D4E-70218F713C17}"
EndProject
Global
	GlobalSection(SolutionConfigurationPlatforms) = preSolution
		Debug|Any CPU = Debug|Any CPU
		Release|Any CPU = Release|Any CPU
	EndGlobalSection
	GlobalSection(ProjectConfigurationPlatforms) = postSolution
		{DA52F8E0-DC8D-45AD-9D4E-70218F713C17}.Debug|Any CPU.ActiveCfg = Debug|Any CPU
		{DA52F8E0-DC8D-45AD-9D4E-70218F713C17}.Debug|Any CPU.Build.0 = Debug|Any CPU
		{DA52F8E0-DC8D-45AD-9D4E-70218F713C17}.Release|Any CPU.ActiveCfg = Release|Any CPU
		{DA52F8E0-DC8D-45AD-9D4E-70218F713C17}.Release|Any CPU.Build.0 = Release|Any CPU
	EndGlobalSection
	GlobalSection(SolutionProperties) = preSolution
		HideSolutionNode = FALSE
	EndGlobalSection
	GlobalSection(ExtensibilityGlobals) = postSolution
		SolutionGuid = {9EDC9944-F87A-4052-A2B8-3D18417BB8B6}
	EndGlobalSection
EndGlobal
